
Microsoft Visual Studio Solution File, Format Version 12.00
# Visual Studio Version 17
VisualStudioVersion = 17.1.32210.238
MinimumVisualStudioVersion = 10.0.40219.1
Project("{8BC9CEB8-8B4A-11D0-8D11-00A0C91BC942}") = "Lista1Exercicio5", "Lista1Exercicio5\Lista1Exercicio5.vcxproj", "{7055CDA1-CDC2-4ACE-A67E-659CE76801A6}"
EndProject
Global
	GlobalSection(SolutionConfigurationPlatforms) = preSolution
		Debug|x64 = Debug|x64
		Debug|x86 = Debug|x86
		Release|x64 = Release|x64
		Release|x86 = Release|x86
	EndGlobalSection
	GlobalSection(ProjectConfigurationPlatforms) = postSolution
		{7055CDA1-CDC2-4ACE-A67E-659CE76801A6}.Debug|x64.ActiveCfg = Debug|x64
		{7055CDA1-CDC2-4ACE-A67E-659CE76801A6}.Debug|x64.Build.0 = Debug|x64
		{7055CDA1-CDC2-4ACE-A67E-659CE76801A6}.Debug|x86.ActiveCfg = Debug|Win32
		{7055CDA1-CDC2-4ACE-A67E-659CE76801A6}.Debug|x86.Build.0 = Debug|Win32
		{7055CDA1-CDC2-4ACE-A67E-659CE76801A6}.Release|x64.ActiveCfg = Release|x64
		{7055CDA1-CDC2-4ACE-A67E-659CE76801A6}.Release|x64.Build.0 = Release|x64
		{7055CDA1-CDC2-4ACE-A67E-659CE76801A6}.Release|x86.ActiveCfg = Release|Win32
		{7055CDA1-CDC2-4ACE-A67E-659CE76801A6}.Release|x86.Build.0 = Release|Win32
	EndGlobalSection
	GlobalSection(SolutionProperties) = preSolution
		HideSolutionNode = FALSE
	EndGlobalSection
	GlobalSection(ExtensibilityGlobals) = postSolution
		SolutionGuid = {05A81607-157A-449A-9E94-C9D61A7CEF0B}
	EndGlobalSection
EndGlobal
